{
  "pins" : [
    {
      "identity" : "swift-argument-parser",
      "kind" : "remoteSourceControl",
      "location" : "https://github.com/apple/swift-argument-parser.git",
      "state" : {
        "revision" : "fee6933f37fde9a5e12a1e4aeaa93fe60116ff2a",
        "version" : "1.2.2"
      }
    },
    {
      "identity" : "swiftlibpng",
      "kind" : "remoteSourceControl",
      "location" : "https://github.com/carlynorama/SwiftLIBPNG.git",
      "state" : {
        "branch" : "dev-for-CLI",
        "revision" : "1e3f530683a2a6c66e2b068e080bb592f380bfbb"
      }
    }
  ],
  "version" : 2
}
